<?xml version="1.0" encoding="utf-8"?>
<Project ToolsVersion="4.0" xmlns="http://schemas.microsoft.com/developer/msbuild/2003">
  <ItemGroup>
    <Filter Include="ソース ファイル">
      <UniqueIdentifier>{4FC737F1-C7A5-4376-A066-2A32D752A2FF}</UniqueIdentifier>
      <Extensions>cpp;c;cc;cxx;def;odl;idl;hpj;bat;asm;asmx</Extensions>
    </Filter>
    <Filter Include="ヘッダー ファイル">
      <UniqueIdentifier>{93995380-89BD-4b04-88EB-625FBE52EBFB}</UniqueIdentifier>
      <Extensions>h;hh;hpp;hxx;hm;inl;inc;xsd</Extensions>
    </Filter>
    <Filter Include="リソース ファイル">
      <UniqueIdentifier>{67DA6AB6-F800-4c08-8B7A-83BB121AAD01}</UniqueIdentifier>
      <Extensions>rc;ico;cur;bmp;dlg;rc2;rct;bin;rgs;gif;jpg;jpeg;jpe;resx;tiff;tif;png;wav;mfcribbon-ms</Extensions>
    </Filter>
    <Filter Include="ソース ファイル\Scene">
      <UniqueIdentifier>{8d5a96c7-9550-4424-a7c7-190274d86547}</UniqueIdentifier>
    </Filter>
    <Filter Include="ソース ファイル\GAMEMAIN">
      <UniqueIdentifier>{13a9a9bb-4da7-4ed9-a679-fe0def0301a2}</UniqueIdentifier>
    </Filter>
    <Filter Include="ソース ファイル\GAMEMAIN\Runner">
      <UniqueIdentifier>{27cfc18c-952e-4d8a-929c-b4753ec460e7}</UniqueIdentifier>
    </Filter>
    <Filter Include="ソース ファイル\GAMEMAIN\BLOCK">
      <UniqueIdentifier>{ee120365-083c-4d0c-aa2c-42582a839a18}</UniqueIdentifier>
    </Filter>
    <Filter Include="ソース ファイル\GAMEMAIN\Gauge">
      <UniqueIdentifier>{3c0945a9-1a63-42a4-a6ae-e3f5be871bb8}</UniqueIdentifier>
    </Filter>
    <Filter Include="ソース ファイル\GAMEMAIN\Crates">
      <UniqueIdentifier>{ebb778cc-360b-40cb-867d-18a2609b029c}</UniqueIdentifier>
    </Filter>
    <Filter Include="ソース ファイル\GAMEMAIN\Correction">
      <UniqueIdentifier>{6ccd7a18-9ed9-49af-ae60-4ce57cc00525}</UniqueIdentifier>
    </Filter>
    <Filter Include="ソース ファイル\GAMEMAIN\Smartphone">
      <UniqueIdentifier>{cadbea57-f0e8-4a41-87a0-f27dcbb6d18b}</UniqueIdentifier>
    </Filter>
    <Filter Include="ソース ファイル\GAMEMAIN\Fire">
      <UniqueIdentifier>{c055f333-4f48-4d3d-ae33-27b3ebdb0705}</UniqueIdentifier>
    </Filter>
    <Filter Include="ソース ファイル\GAMEMAIN\Torch">
      <UniqueIdentifier>{720db0a2-79c5-496e-bd23-047fd9c48e6a}</UniqueIdentifier>
    </Filter>
    <Filter Include="ソース ファイル\GAMEMAIN\Puddle">
      <UniqueIdentifier>{63400cf7-12f7-43d9-a77d-0d9712d3030d}</UniqueIdentifier>
    </Filter>
    <Filter Include="ソース ファイル\Scene\GAMETITLE">
      <UniqueIdentifier>{dcbc51a8-f8b4-46b7-8ffb-f2893a347279}</UniqueIdentifier>
    </Filter>
    <Filter Include="ソース ファイル\Scene\GAMEOVER">
      <UniqueIdentifier>{e240670f-3519-4d65-93d6-d36b448f704e}</UniqueIdentifier>
    </Filter>
    <Filter Include="ソース ファイル\GAMEMAIN\Rain">
      <UniqueIdentifier>{75cc774f-791a-47d3-b550-5eea53cd3b07}</UniqueIdentifier>
    </Filter>
    <Filter Include="ソース ファイル\GAMEMAIN\Okama">
      <UniqueIdentifier>{5b39c129-7bda-4d8a-be76-bc88714c1164}</UniqueIdentifier>
    </Filter>
    <Filter Include="ソース ファイル\GAMEMAIN\Hole">
      <UniqueIdentifier>{c368f1b2-c151-4f65-9dcb-558aaa3ee035}</UniqueIdentifier>
    </Filter>
    <Filter Include="ソース ファイル\Scene\GAMEMENU">
      <UniqueIdentifier>{4e77670b-5892-4635-b414-911d953cc45e}</UniqueIdentifier>
    </Filter>
    <Filter Include="ソース ファイル\Scene\RANKING">
      <UniqueIdentifier>{42e9063c-17f5-4bce-ad37-ab55ed91f50a}</UniqueIdentifier>
    </Filter>
  </ItemGroup>
  <ItemGroup>
    <ClCompile Include="GameL\Audio.cpp">
      <Filter>リソース ファイル</Filter>
    </ClCompile>
    <ClCompile Include="GameL\DirectXDevice.cpp">
      <Filter>リソース ファイル</Filter>
    </ClCompile>
    <ClCompile Include="GameL\DrawFont.cpp">
      <Filter>リソース ファイル</Filter>
    </ClCompile>
    <ClCompile Include="GameL\DrawTexture.cpp">
      <Filter>リソース ファイル</Filter>
    </ClCompile>
    <ClCompile Include="GameL\GameL_Main.cpp">
      <Filter>リソース ファイル</Filter>
    </ClCompile>
    <ClCompile Include="GameL\HitBoxManager.cpp">
      <Filter>リソース ファイル</Filter>
    </ClCompile>
    <ClCompile Include="GameL\MultiThread.cpp">
      <Filter>リソース ファイル</Filter>
    </ClCompile>
    <ClCompile Include="GameL\SceneManager.cpp">
      <Filter>リソース ファイル</Filter>
    </ClCompile>
    <ClCompile Include="GameL\SceneObjManager.cpp">
      <Filter>リソース ファイル</Filter>
    </ClCompile>
    <ClCompile Include="GameL\SetWindow.cpp">
      <Filter>リソース ファイル</Filter>
    </ClCompile>
    <ClCompile Include="GameL\UserData.cpp">
      <Filter>リソース ファイル</Filter>
    </ClCompile>
    <ClCompile Include="GameL\WinInputs.cpp">
      <Filter>リソース ファイル</Filter>
    </ClCompile>
    <ClCompile Include="SceneMain.cpp">
      <Filter>ソース ファイル\Scene</Filter>
    </ClCompile>
    <ClCompile Include="ObjRunner.cpp">
      <Filter>ソース ファイル\GAMEMAIN\Runner</Filter>
    </ClCompile>
    <ClCompile Include="ObjBlock.cpp">
      <Filter>ソース ファイル\GAMEMAIN\BLOCK</Filter>
    </ClCompile>
    <ClCompile Include="ObjGauge.cpp">
      <Filter>ソース ファイル\GAMEMAIN\Gauge</Filter>
    </ClCompile>
    <ClCompile Include="SceneTitle.cpp">
      <Filter>ソース ファイル\Scene\GAMETITLE</Filter>
    </ClCompile>
    <ClCompile Include="ObjTitle.cpp">
      <Filter>ソース ファイル\Scene\GAMETITLE</Filter>
    </ClCompile>
    <ClCompile Include="ObjCrates.cpp">
      <Filter>ソース ファイル\GAMEMAIN\Crates</Filter>
    </ClCompile>
    <ClCompile Include="Correction.cpp">
      <Filter>ソース ファイル\GAMEMAIN\Correction</Filter>
    </ClCompile>
    <ClCompile Include="ObjSmartPhone.cpp">
      <Filter>ソース ファイル\GAMEMAIN\Smartphone</Filter>
    </ClCompile>
    <ClCompile Include="ObjFire.cpp">
      <Filter>ソース ファイル\GAMEMAIN\Fire</Filter>
    </ClCompile>
    <ClCompile Include="ObjTorch.cpp">
      <Filter>ソース ファイル\GAMEMAIN\Torch</Filter>
    </ClCompile>
    <ClCompile Include="ObjPuddle.cpp">
      <Filter>ソース ファイル\GAMEMAIN\Puddle</Filter>
    </ClCompile>
    <ClCompile Include="ObjRain.cpp">
      <Filter>ソース ファイル\GAMEMAIN\Rain</Filter>
    </ClCompile>
    <ClCompile Include="ObjOkama.cpp">
      <Filter>ソース ファイル\GAMEMAIN\Okama</Filter>
    </ClCompile>
    <ClCompile Include="ObjHole.cpp">
      <Filter>ソース ファイル\GAMEMAIN\Hole</Filter>
    </ClCompile>
  </ItemGroup>
  <ItemGroup>
    <ClInclude Include="GameL\Audio.h">
      <Filter>リソース ファイル</Filter>
    </ClInclude>
    <ClInclude Include="GameL\DirectXDevice.h">
      <Filter>リソース ファイル</Filter>
    </ClInclude>
    <ClInclude Include="GameL\DrawFont.h">
      <Filter>リソース ファイル</Filter>
    </ClInclude>
    <ClInclude Include="GameL\DrawTexture.h">
      <Filter>リソース ファイル</Filter>
    </ClInclude>
    <ClInclude Include="GameL\HitBoxManager.h">
      <Filter>リソース ファイル</Filter>
    </ClInclude>
    <ClInclude Include="GameL\MultiThread.h">
      <Filter>リソース ファイル</Filter>
    </ClInclude>
    <ClInclude Include="GameL\SceneManager.h">
      <Filter>リソース ファイル</Filter>
    </ClInclude>
    <ClInclude Include="GameL\SceneObjManager.h">
      <Filter>リソース ファイル</Filter>
    </ClInclude>
    <ClInclude Include="GameL\SetWindow.h">
      <Filter>リソース ファイル</Filter>
    </ClInclude>
    <ClInclude Include="GameL\UserData.h">
      <Filter>リソース ファイル</Filter>
    </ClInclude>
    <ClInclude Include="GameL\WinInputs.h">
      <Filter>リソース ファイル</Filter>
    </ClInclude>
    <ClInclude Include="GameHead.h">
      <Filter>ヘッダー ファイル</Filter>
    </ClInclude>
    <ClInclude Include="main.h">
      <Filter>ヘッダー ファイル</Filter>
    </ClInclude>
    <ClInclude Include="SceneMain.h">
      <Filter>ソース ファイル\Scene</Filter>
    </ClInclude>
    <ClInclude Include="ObjRunner.h">
      <Filter>ソース ファイル\GAMEMAIN\Runner</Filter>
    </ClInclude>
    <ClInclude Include="ObjBlock.h">
      <Filter>ソース ファイル\GAMEMAIN\BLOCK</Filter>
    </ClInclude>
    <ClInclude Include="ObjGauge.h">
      <Filter>ソース ファイル\GAMEMAIN\Gauge</Filter>
    </ClInclude>
    <ClInclude Include="SceneTitle.h">
      <Filter>ソース ファイル\Scene\GAMETITLE</Filter>
    </ClInclude>
    <ClInclude Include="ObjTitle.h">
      <Filter>ソース ファイル\Scene\GAMETITLE</Filter>
    </ClInclude>
    <ClInclude Include="ObjCrates.h">
      <Filter>ソース ファイル\GAMEMAIN\Crates</Filter>
    </ClInclude>
    <ClInclude Include="Correction.h">
      <Filter>ソース ファイル\GAMEMAIN\Correction</Filter>
    </ClInclude>
    <ClInclude Include="ObjSmartPhone.h">
      <Filter>ソース ファイル\GAMEMAIN\Smartphone</Filter>
    </ClInclude>
    <ClInclude Include="ObjFire.h">
      <Filter>ソース ファイル\GAMEMAIN\Fire</Filter>
    </ClInclude>
    <ClInclude Include="ObjTorch.h">
      <Filter>ソース ファイル\GAMEMAIN\Torch</Filter>
    </ClInclude>
    <ClInclude Include="ObjPuddle.h">
      <Filter>ソース ファイル\GAMEMAIN\Puddle</Filter>
    </ClInclude>
    <ClInclude Include="ObjRain.h">
      <Filter>ソース ファイル\GAMEMAIN\Rain</Filter>
    </ClInclude>
    <ClInclude Include="ObjOkama.h">
      <Filter>ソース ファイル\GAMEMAIN\Okama</Filter>
    </ClInclude>
    <ClInclude Include="ObjHole.h">
      <Filter>ソース ファイル\GAMEMAIN\Hole</Filter>
    </ClInclude>
  </ItemGroup>
  <ItemGroup>
    <None Include="GameL\Draw2DTex.hlsl">
      <Filter>リソース ファイル</Filter>
    </None>
  </ItemGroup>
</Project>